
Microsoft Visual Studio Solution File, Format Version 12.00
Project("{FAE04EC0-301F-11D3-BF4B-00C04F79EFBC}") = "Item.API", "services\item\Item.API\Item.API.csproj", "{C61FE00B-B6B8-4C93-8F8D-4973F73BE594}"
EndProject
Project("{2150E333-8FDC-42A3-9474-1A3956D46DE8}") = "services", "services", "{8924E40C-BD95-4712-865F-402C3B7999D2}"
EndProject
Project("{2150E333-8FDC-42A3-9474-1A3956D46DE8}") = "item", "item", "{82E4E6AC-EDA8-4D68-8489-E2FDC46B6CAF}"
EndProject
Project("{2150E333-8FDC-42A3-9474-1A3956D46DE8}") = "warehouse", "warehouse", "{B1FE194D-6F50-4B41-904F-31C66F4A81BF}"
EndProject
Project("{FAE04EC0-301F-11D3-BF4B-00C04F79EFBC}") = "Item.Model", "services\item\Item.Model\Item.Model.csproj", "{D1223874-8756-424E-8ADD-D1111621DEB8}"
EndProject
Project("{FAE04EC0-301F-11D3-BF4B-00C04F79EFBC}") = "Warehouse.API", "services\warehouse\Warehouse.API\Warehouse.API.csproj", "{957C52B0-6E36-46CF-89CF-3339CD18840D}"
EndProject
Project("{FAE04EC0-301F-11D3-BF4B-00C04F79EFBC}") = "Warehouse.Model", "services\warehouse\Warehouse.Model\Warehouse.Model.csproj", "{D9AC1593-4AAF-4276-836A-D9201644E293}"
EndProject
Project("{FAE04EC0-301F-11D3-BF4B-00C04F79EFBC}") = "SharedKernel", "SharedKernel\SharedKernel.csproj", "{59BD7CB8-1F97-4508-9A70-FAADABB35359}"
EndProject
Project("{FAE04EC0-301F-11D3-BF4B-00C04F79EFBC}") = "ApiGateway", "ApiGateway\ApiGateway.csproj", "{86373A56-C9A7-4E98-A42C-2D1A45BCCFF7}"
EndProject
Global
	GlobalSection(SolutionConfigurationPlatforms) = preSolution
		Debug|Any CPU = Debug|Any CPU
		Release|Any CPU = Release|Any CPU
	EndGlobalSection
	GlobalSection(ProjectConfigurationPlatforms) = postSolution
		{C61FE00B-B6B8-4C93-8F8D-4973F73BE594}.Debug|Any CPU.ActiveCfg = Debug|Any CPU
		{C61FE00B-B6B8-4C93-8F8D-4973F73BE594}.Debug|Any CPU.Build.0 = Debug|Any CPU
		{C61FE00B-B6B8-4C93-8F8D-4973F73BE594}.Release|Any CPU.ActiveCfg = Release|Any CPU
		{C61FE00B-B6B8-4C93-8F8D-4973F73BE594}.Release|Any CPU.Build.0 = Release|Any CPU
		{D1223874-8756-424E-8ADD-D1111621DEB8}.Debug|Any CPU.ActiveCfg = Debug|Any CPU
		{D1223874-8756-424E-8ADD-D1111621DEB8}.Debug|Any CPU.Build.0 = Debug|Any CPU
		{D1223874-8756-424E-8ADD-D1111621DEB8}.Release|Any CPU.ActiveCfg = Release|Any CPU
		{D1223874-8756-424E-8ADD-D1111621DEB8}.Release|Any CPU.Build.0 = Release|Any CPU
		{957C52B0-6E36-46CF-89CF-3339CD18840D}.Debug|Any CPU.ActiveCfg = Debug|Any CPU
		{957C52B0-6E36-46CF-89CF-3339CD18840D}.Debug|Any CPU.Build.0 = Debug|Any CPU
		{957C52B0-6E36-46CF-89CF-3339CD18840D}.Release|Any CPU.ActiveCfg = Release|Any CPU
		{957C52B0-6E36-46CF-89CF-3339CD18840D}.Release|Any CPU.Build.0 = Release|Any CPU
		{D9AC1593-4AAF-4276-836A-D9201644E293}.Debug|Any CPU.ActiveCfg = Debug|Any CPU
		{D9AC1593-4AAF-4276-836A-D9201644E293}.Debug|Any CPU.Build.0 = Debug|Any CPU
		{D9AC1593-4AAF-4276-836A-D9201644E293}.Release|Any CPU.ActiveCfg = Release|Any CPU
		{D9AC1593-4AAF-4276-836A-D9201644E293}.Release|Any CPU.Build.0 = Release|Any CPU
		{59BD7CB8-1F97-4508-9A70-FAADABB35359}.Debug|Any CPU.ActiveCfg = Debug|Any CPU
		{59BD7CB8-1F97-4508-9A70-FAADABB35359}.Debug|Any CPU.Build.0 = Debug|Any CPU
		{59BD7CB8-1F97-4508-9A70-FAADABB35359}.Release|Any CPU.ActiveCfg = Release|Any CPU
		{59BD7CB8-1F97-4508-9A70-FAADABB35359}.Release|Any CPU.Build.0 = Release|Any CPU
		{86373A56-C9A7-4E98-A42C-2D1A45BCCFF7}.Debug|Any CPU.ActiveCfg = Debug|Any CPU
		{86373A56-C9A7-4E98-A42C-2D1A45BCCFF7}.Debug|Any CPU.Build.0 = Debug|Any CPU
		{86373A56-C9A7-4E98-A42C-2D1A45BCCFF7}.Release|Any CPU.ActiveCfg = Release|Any CPU
		{86373A56-C9A7-4E98-A42C-2D1A45BCCFF7}.Release|Any CPU.Build.0 = Release|Any CPU
	EndGlobalSection
	GlobalSection(NestedProjects) = preSolution
		{82E4E6AC-EDA8-4D68-8489-E2FDC46B6CAF} = {8924E40C-BD95-4712-865F-402C3B7999D2}
		{B1FE194D-6F50-4B41-904F-31C66F4A81BF} = {8924E40C-BD95-4712-865F-402C3B7999D2}
		{C61FE00B-B6B8-4C93-8F8D-4973F73BE594} = {82E4E6AC-EDA8-4D68-8489-E2FDC46B6CAF}
		{D1223874-8756-424E-8ADD-D1111621DEB8} = {82E4E6AC-EDA8-4D68-8489-E2FDC46B6CAF}
		{957C52B0-6E36-46CF-89CF-3339CD18840D} = {B1FE194D-6F50-4B41-904F-31C66F4A81BF}
		{D9AC1593-4AAF-4276-836A-D9201644E293} = {B1FE194D-6F50-4B41-904F-31C66F4A81BF}
	EndGlobalSection
EndGlobal
